Microsoft Visual Studio Solution File, Format Version 12.00
# Visual Studio Version 17
VisualStudioVersion = 17.5.2.0
MinimumVisualStudioVersion = 10.0.40219.1
Project("{2150E333-8FDC-42A3-9474-1A3956D46DE8}") = "lab2", "lab2", "{5C42C7CA-ADAE-0159-8BF5-5EB6C7A325EF}"
EndProject
Project("{FAE04EC0-301F-11D3-BF4B-00C04F79EFBC}") = "my_sort", "lab2\part1\my_sort.csproj", "{3BA9D8D0-2EDC-5C1B-8A92-69CCEFCDDFB7}"
EndProject
Global
	GlobalSection(SolutionConfigurationPlatforms) = preSolution
		Debug|Any CPU = Debug|Any CPU
		Release|Any CPU = Release|Any CPU
	EndGlobalSection
	GlobalSection(ProjectConfigurationPlatforms) = postSolution
		{3BA9D8D0-2EDC-5C1B-8A92-69CCEFCDDFB7}.Debug|Any CPU.ActiveCfg = Debug|Any CPU
		{3BA9D8D0-2EDC-5C1B-8A92-69CCEFCDDFB7}.Debug|Any CPU.Build.0 = Debug|Any CPU
		{3BA9D8D0-2EDC-5C1B-8A92-69CCEFCDDFB7}.Release|Any CPU.ActiveCfg = Release|Any CPU
		{3BA9D8D0-2EDC-5C1B-8A92-69CCEFCDDFB7}.Release|Any CPU.Build.0 = Release|Any CPU
	EndGlobalSection
	GlobalSection(SolutionProperties) = preSolution
		HideSolutionNode = FALSE
	EndGlobalSection
	GlobalSection(NestedProjects) = preSolution
		{3BA9D8D0-2EDC-5C1B-8A92-69CCEFCDDFB7} = {5C42C7CA-ADAE-0159-8BF5-5EB6C7A325EF}
	EndGlobalSection
	GlobalSection(ExtensibilityGlobals) = postSolution
		SolutionGuid = {1A1E7704-5071-4CAC-8B4B-5389EA64FD1F}
	EndGlobalSection
EndGlobal
